
Microsoft Visual Studio Solution File, Format Version 12.00
# Visual Studio 15
VisualStudioVersion = 15.0.28010.2036
MinimumVisualStudioVersion = 10.0.40219.1
Project("{FAE04EC0-301F-11D3-BF4B-00C04F79EFBC}") = "SteamHadaLib", "SteamHadaLib\SteamHadaLib.csproj", "{658B2FF8-AC82-4ECF-BD6D-2B01DA2A34EE}"
EndProject
Project("{FAE04EC0-301F-11D3-BF4B-00C04F79EFBC}") = "SteamHadaWeb", "SteamHadaWeb\SteamHadaWeb.csproj", "{3C103290-AED9-4CC0-88AE-AD4E1005ECF6}"
EndProject
Global
	GlobalSection(SolutionConfigurationPlatforms) = preSolution
		Debug|Any CPU = Debug|Any CPU
		Release|Any CPU = Release|Any CPU
	EndGlobalSection
	GlobalSection(ProjectConfigurationPlatforms) = postSolution
		{658B2FF8-AC82-4ECF-BD6D-2B01DA2A34EE}.Debug|Any CPU.ActiveCfg = Debug|Any CPU
		{658B2FF8-AC82-4ECF-BD6D-2B01DA2A34EE}.Debug|Any CPU.Build.0 = Debug|Any CPU
		{658B2FF8-AC82-4ECF-BD6D-2B01DA2A34EE}.Release|Any CPU.ActiveCfg = Release|Any CPU
		{658B2FF8-AC82-4ECF-BD6D-2B01DA2A34EE}.Release|Any CPU.Build.0 = Release|Any CPU
		{3C103290-AED9-4CC0-88AE-AD4E1005ECF6}.Debug|Any CPU.ActiveCfg = Debug|Any CPU
		{3C103290-AED9-4CC0-88AE-AD4E1005ECF6}.Debug|Any CPU.Build.0 = Debug|Any CPU
		{3C103290-AED9-4CC0-88AE-AD4E1005ECF6}.Release|Any CPU.ActiveCfg = Release|Any CPU
		{3C103290-AED9-4CC0-88AE-AD4E1005ECF6}.Release|Any CPU.Build.0 = Release|Any CPU
	EndGlobalSection
	GlobalSection(SolutionProperties) = preSolution
		HideSolutionNode = FALSE
	EndGlobalSection
	GlobalSection(ExtensibilityGlobals) = postSolution
		SolutionGuid = {3DF07E0A-27DE-4740-9666-0137493E477D}
	EndGlobalSection
EndGlobal
